
Microsoft Visual Studio Solution File, Format Version 12.00
# Visual Studio Version 17
VisualStudioVersion = 17.2.32519.379
MinimumVisualStudioVersion = 10.0.40219.1
Project("{FAE04EC0-301F-11D3-BF4B-00C04F79EFBC}") = "PAgoraVai10", "PAgoraVai10\PAgoraVai10.csproj", "{251C47DD-C5F9-4F6E-B8DD-CB160C5E990B}"
EndProject
Global
	GlobalSection(SolutionConfigurationPlatforms) = preSolution
		Debug|Any CPU = Debug|Any CPU
		Release|Any CPU = Release|Any CPU
	EndGlobalSection
	GlobalSection(ProjectConfigurationPlatforms) = postSolution
		{251C47DD-C5F9-4F6E-B8DD-CB160C5E990B}.Debug|Any CPU.ActiveCfg = Debug|Any CPU
		{251C47DD-C5F9-4F6E-B8DD-CB160C5E990B}.Debug|Any CPU.Build.0 = Debug|Any CPU
		{251C47DD-C5F9-4F6E-B8DD-CB160C5E990B}.Release|Any CPU.ActiveCfg = Release|Any CPU
		{251C47DD-C5F9-4F6E-B8DD-CB160C5E990B}.Release|Any CPU.Build.0 = Release|Any CPU
	EndGlobalSection
	GlobalSection(SolutionProperties) = preSolution
		HideSolutionNode = FALSE
	EndGlobalSection
	GlobalSection(ExtensibilityGlobals) = postSolution
		SolutionGuid = {BC4B9E6D-43D1-4894-A2A3-B7F5D49AAE78}
	EndGlobalSection
EndGlobal
